// !$*UTF8*$!
{
	archiveVersion = 1;
	classes = {
	};
	objectVersion = 46;
	objects = {

/* Begin PBXBuildFile section */
		9AB7235E19FD71070053F2B2 /* AppDelegate.swift in Sources */ = {isa = PBXBuildFile; fileRef = 9AB7235D19FD71070053F2B2 /* AppDelegate.swift */; };
		9AB7236019FD71070053F2B2 /* Images.xcassets in Resources */ = {isa = PBXBuildFile; fileRef = 9AB7235F19FD71070053F2B2 /* Images.xcassets */; };
		9AB7236319FD71070053F2B2 /* MainMenu.xib in Resources */ = {isa = PBXBuildFile; fileRef = 9AB7236119FD71070053F2B2 /* MainMenu.xib */; };
		9AB7236F19FD71080053F2B2 /* MixtapesTests.swift in Sources */ = {isa = PBXBuildFile; fileRef = 9AB7236E19FD71080053F2B2 /* MixtapesTests.swift */; };
/* End PBXBuildFile section */

/* Begin PBXContainerItemProxy section */
		9AB7236919FD71080053F2B2 /* PBXContainerItemProxy */ = {
			isa = PBXContainerItemProxy;
			containerPortal = 9AB7235019FD71070053F2B2 /* Project object */;
			proxyType = 1;
			remoteGlobalIDString = 9AB7235719FD71070053F2B2;
			remoteInfo = Mixtapes;
		};
/* End PBXContainerItemProxy section */

/* Begin PBXFileReference section */
		9AB7235819FD71070053F2B2 /* Mixtapes.app */ = {isa = PBXFileReference; explicitFileType = wrapper.application; includeInIndex = 0; path = Mixtapes.app; sourceTree = BUILT_PRODUCTS_DIR; };
		9AB7235C19FD71070053F2B2 /* Info.plist */ = {isa = PBXFileReference; lastKnownFileType = text.plist.xml; path = Info.plist; sourceTree = "<group>"; };
		9AB7235D19FD71070053F2B2 /* AppDelegate.swift */ = {isa = PBXFileReference; lastKnownFileType = sourcecode.swift; path = AppDelegate.swift; sourceTree = "<group>"; };
		9AB7235F19FD71070053F2B2 /* Images.xcassets */ = {isa = PBXFileReference; lastKnownFileType = folder.assetcatalog; path = Images.xcassets; sourceTree = "<group>"; };
		9AB7236219FD71070053F2B2 /* Base */ = {isa = PBXFileReference; lastKnownFileType = file.xib; name = Base; path = Base.lproj/MainMenu.xib; sourceTree = "<group>"; };
		9AB7236819FD71080053F2B2 /* MixtapesTests.xctest */ = {isa = PBXFileReference; explicitFileType = wrapper.cfbundle; includeInIndex = 0; path = MixtapesTests.xctest; sourceTree = BUILT_PRODUCTS_DIR; };
		9AB7236D19FD71080053F2B2 /* Info.plist */ = {isa = PBXFileReference; lastKnownFileType = text.plist.xml; path = Info.plist; sourceTree = "<group>"; };
		9AB7236E19FD71080053F2B2 /* MixtapesTests.swift */ = {isa = PBXFileReference; lastKnownFileType = sourcecode.swift; path = MixtapesTests.swift; sourceTree = "<group>"; };
/* End PBXFileReference section */

/* Begin PBXFrameworksBuildPhase section */
		9AB7235519FD71070053F2B2 /* Frameworks */ = {
			isa = PBXFrameworksBuildPhase;
			buildActionMask = 2147483647;
			files = (
			);
			runOnlyForDeploymentPostprocessing = 0;
		};
		9AB7236519FD71080053F2B2 /* Frameworks */ = {
			isa = PBXFrameworksBuildPhase;
			buildActionMask = 2147483647;
			files = (
			);
			runOnlyForDeploymentPostprocessing = 0;
		};
/* End PBXFrameworksBuildPhase section */

/* Begin PBXGroup section */
		9AB7234F19FD71070053F2B2 = {
			isa = PBXGroup;
			children = (
				9AB7235A19FD71070053F2B2 /* Mixtapes */,
				9AB7236B19FD71080053F2B2 /* MixtapesTests */,
				9AB7235919FD71070053F2B2 /* Products */,
			);
			sourceTree = "<group>";
		};
		9AB7235919FD71070053F2B2 /* Products */ = {
			isa = PBXGroup;
			children = (
				9AB7235819FD71070053F2B2 /* Mixtapes.app */,
				9AB7236819FD71080053F2B2 /* MixtapesTests.xctest */,
			);
			name = Products;
			sourceTree = "<group>";
		};
		9AB7235A19FD71070053F2B2 /* Mixtapes */ = {
			isa = PBXGroup;
			children = (
				9AB7235D19FD71070053F2B2 /* AppDelegate.swift */,
				9AB7235F19FD71070053F2B2 /* Images.xcassets */,
				9AB7236119FD71070053F2B2 /* MainMenu.xib */,
				9AB7235B19FD71070053F2B2 /* Supporting Files */,
			);
			path = Mixtapes;
			sourceTree = "<group>";
		};
		9AB7235B19FD71070053F2B2 /* Supporting Files */ = {
			isa = PBXGroup;
			children = (
				9AB7235C19FD71070053F2B2 /* Info.plist */,
			);
			name = "Supporting Files";
			sourceTree = "<group>";
		};
		9AB7236B19FD71080053F2B2 /* MixtapesTests */ = {
			isa = PBXGroup;
			children = (
				9AB7236E19FD71080053F2B2 /* MixtapesTests.swift */,
				9AB7236C19FD71080053F2B2 /* Supporting Files */,
			);
			path = MixtapesTests;
			sourceTree = "<group>";
		};
		9AB7236C19FD71080053F2B2 /* Supporting Files */ = {
			isa = PBXGroup;
			children = (
				9AB7236D19FD71080053F2B2 /* Info.plist */,
			);
			name = "Supporting Files";
			sourceTree = "<group>";
		};
/* End PBXGroup section */

/* Begin PBXNativeTarget section */
		9AB7235719FD71070053F2B2 /* Mixtapes */ = {
			isa = PBXNativeTarget;
			buildConfigurationList = 9AB7237219FD71080053F2B2 /* Build configuration list for PBXNativeTarget "Mixtapes" */;
			buildPhases = (
				9AB7235419FD71070053F2B2 /* Sources */,
				9AB7235519FD71070053F2B2 /* Frameworks */,
				9AB7235619FD71070053F2B2 /* Resources */,
			);
			buildRules = (
			);
			dependencies = (
			);
			name = Mixtapes;
			productName = Mixtapes;
			productReference = 9AB7235819FD71070053F2B2 /* Mixtapes.app */;
			productType = "com.apple.product-type.application";
		};
		9AB7236719FD71080053F2B2 /* MixtapesTests */ = {
			isa = PBXNativeTarget;
			buildConfigurationList = 9AB7237519FD71080053F2B2 /* Build configuration list for PBXNativeTarget "MixtapesTests" */;
			buildPhases = (
				9AB7236419FD71080053F2B2 /* Sources */,
				9AB7236519FD71080053F2B2 /* Frameworks */,
				9AB7236619FD71080053F2B2 /* Resources */,
			);
			buildRules = (
			);
			dependencies = (
				9AB7236A19FD71080053F2B2 /* PBXTargetDependency */,
			);
			name = MixtapesTests;
			productName = MixtapesTests;
			productReference = 9AB7236819FD71080053F2B2 /* MixtapesTests.xctest */;
			productType = "com.apple.product-type.bundle.unit-test";
		};
/* End PBXNativeTarget section */

/* Begin PBXProject section */
		9AB7235019FD71070053F2B2 /* Project object */ = {
			isa = PBXProject;
			attributes = {
				LastUpgradeCheck = 0610;
				ORGANIZATIONNAME = mixtapes;
				TargetAttributes = {
					9AB7235719FD71070053F2B2 = {
						CreatedOnToolsVersion = 6.1;
					};
					9AB7236719FD71080053F2B2 = {
						CreatedOnToolsVersion = 6.1;
						TestTargetID = 9AB7235719FD71070053F2B2;
					};
				};
			};
			buildConfigurationList = 9AB7235319FD71070053F2B2 /* Build configuration list for PBXProject "Mixtapes" */;
			compatibilityVersion = "Xcode 3.2";
			developmentRegion = English;
			hasScannedForEncodings = 0;
			knownRegions = (
				en,
				Base,
			);
			mainGroup = 9AB7234F19FD71070053F2B2;
			productRefGroup = 9AB7235919FD71070053F2B2 /* Products */;
			projectDirPath = "";
			projectRoot = "";
			targets = (
				9AB7235719FD71070053F2B2 /* Mixtapes */,
				9AB7236719FD71080053F2B2 /* MixtapesTests */,
			);
		};
/* End PBXProject section */

/* Begin PBXResourcesBuildPhase section */
		9AB7235619FD71070053F2B2 /* Resources */ = {
			isa = PBXResourcesBuildPhase;
			buildActionMask = 2147483647;
			files = (
				9AB7236019FD71070053F2B2 /* Images.xcassets in Resources */,
				9AB7236319FD71070053F2B2 /* MainMenu.xib in Resources */,
			);
			runOnlyForDeploymentPostprocessing = 0;
		};
		9AB7236619FD71080053F2B2 /* Resources */ = {
			isa = PBXResourcesBuildPhase;
			buildActionMask = 2147483647;
			files = (
			);
			runOnlyForDeploymentPostprocessing = 0;
		};
/* End PBXResourcesBuildPhase section */

/* Begin PBXSourcesBuildPhase section */
		9AB7235419FD71070053F2B2 /* Sources */ = {
			isa = PBXSourcesBuildPhase;
			buildActionMask = 2147483647;
			files = (
				9AB7235E19FD71070053F2B2 /* AppDelegate.swift in Sources */,
			);
			runOnlyForDeploymentPostprocessing = 0;
		};
		9AB7236419FD71080053F2B2 /* Sources */ = {
			isa = PBXSourcesBuildPhase;
			buildActionMask = 2147483647;
			files = (
				9AB7236F19FD71080053F2B2 /* MixtapesTests.swift in Sources */,
			);
			runOnlyForDeploymentPostprocessing = 0;
		};
/* End PBXSourcesBuildPhase section */

/* Begin PBXTargetDependency section */
		9AB7236A19FD71080053F2B2 /* PBXTargetDependency */ = {
			isa = PBXTargetDependency;
			target = 9AB7235719FD71070053F2B2 /* Mixtapes */;
			targetProxy = 9AB7236919FD71080053F2B2 /* PBXContainerItemProxy */;
		};
/* End PBXTargetDependency section */

/* Begin PBXVariantGroup section */
		9AB7236119FD71070053F2B2 /* MainMenu.xib */ = {
			isa = PBXVariantGroup;
			children = (
				9AB7236219FD71070053F2B2 /* Base */,
			);
			name = MainMenu.xib;
			sourceTree = "<group>";
		};
/* End PBXVariantGroup section */

/* Begin XCBuildConfiguration section */
		9AB7237019FD71080053F2B2 /* Debug */ = {
			isa = XCBuildConfiguration;
			buildSettings = {
				ALWAYS_SEARCH_USER_PATHS = NO;
				CLANG_CXX_LANGUAGE_STANDARD = "gnu++0x";
				CLANG_CXX_LIBRARY = "libc++";
				CLANG_ENABLE_MODULES = YES;
				CLANG_ENABLE_OBJC_ARC = YES;
				CLANG_WARN_BOOL_CONVERSION = YES;
				CLANG_WARN_CONSTANT_CONVERSION = YES;
				CLANG_WARN_DIRECT_OBJC_ISA_USAGE = YES_ERROR;
				CLANG_WARN_EMPTY_BODY = YES;
				CLANG_WARN_ENUM_CONVERSION = YES;
				CLANG_WARN_INT_CONVERSION = YES;
				CLANG_WARN_OBJC_ROOT_CLASS = YES_ERROR;
				CLANG_WARN_UNREACHABLE_CODE = YES;
				CLANG_WARN__DUPLICATE_METHOD_MATCH = YES;
				CODE_SIGN_IDENTITY = "-";
				COPY_PHASE_STRIP = NO;
				ENABLE_STRICT_OBJC_MSGSEND = YES;
				GCC_C_LANGUAGE_STANDARD = gnu99;
				GCC_DYNAMIC_NO_PIC = NO;
				GCC_OPTIMIZATION_LEVEL = 0;
				GCC_PREPROCESSOR_DEFINITIONS = (
					"DEBUG=1",
					"$(inherited)",
				);
				GCC_SYMBOLS_PRIVATE_EXTERN = NO;
				GCC_WARN_64_TO_32_BIT_CONVERSION = YES;
				GCC_WARN_ABOUT_RETURN_TYPE = YES_ERROR;
				GCC_WARN_UNDECLARED_SELECTOR = YES;
				GCC_WARN_UNINITIALIZED_AUTOS = YES_AGGRESSIVE;
				GCC_WARN_UNUSED_FUNCTION = YES;
				GCC_WARN_UNUSED_VARIABLE = YES;
				MACOSX_DEPLOYMENT_TARGET = 10.10;
				MTL_ENABLE_DEBUG_INFO = YES;
				ONLY_ACTIVE_ARCH = YES;
				SDKROOT = macosx;
				SWIFT_OPTIMIZATION_LEVEL = "-Onone";
			};
			name = Debug;
		};
		9AB7237119FD71080053F2B2 /* Release */ = {
			isa = XCBuildConfiguration;
			buildSettings = {
				ALWAYS_SEARCH_USER_PATHS = NO;
				CLANG_CXX_LANGUAGE_STANDARD = "gnu++0x";
				CLANG_CXX_LIBRARY = "libc++";
				CLANG_ENABLE_MODULES = YES;
				CLANG_ENABLE_OBJC_ARC = YES;
				CLANG_WARN_BOOL_CONVERSION = YES;
				CLANG_WARN_CONSTANT_CONVERSION = YES;
				CLANG_WARN_DIRECT_OBJC_ISA_USAGE = YES_ERROR;
				CLANG_WARN_EMPTY_BODY = YES;
				CLANG_WARN_ENUM_CONVERSION = YES;
				CLANG_WARN_INT_CONVERSION = YES;
				CLANG_WARN_OBJC_ROOT_CLASS = YES_ERROR;
				CLANG_WARN_UNREACHABLE_CODE = YES;
				CLANG_WARN__DUPLICATE_METHOD_MATCH = YES;
				CODE_SIGN_IDENTITY = "-";
				COPY_PHASE_STRIP = YES;
				DEBUG_INFORMATION_FORMAT = "dwarf-with-dsym";
				ENABLE_NS_ASSERTIONS = NO;
				ENABLE_STRICT_OBJC_MSGSEND = YES;
				GCC_C_LANGUAGE_STANDARD = gnu99;
				GCC_WARN_64_TO_32_BIT_CONVERSION = YES;
				GCC_WARN_ABOUT_RETURN_TYPE = YES_ERROR;
				GCC_WARN_UNDECLARED_SELECTOR = YES;
				GCC_WARN_UNINITIALIZED_AUTOS = YES_AGGRESSIVE;
				GCC_WARN_UNUSED_FUNCTION = YES;
				GCC_WARN_UNUSED_VARIABLE = YES;
				MACOSX_DEPLOYMENT_TARGET = 10.10;
				MTL_ENABLE_DEBUG_INFO = NO;
				SDKROOT = macosx;
			};
			name = Release;
		};
		9AB7237319FD71080053F2B2 /* Debug */ = {
			isa = XCBuildConfiguration;
			buildSettings = {
				ASSETCATALOG_COMPILER_APPICON_NAME = AppIcon;
				COMBINE_HIDPI_IMAGES = YES;
				INFOPLIST_FILE = Mixtapes/Info.plist;
				LD_RUNPATH_SEARCH_PATHS = "$(inherited) @executable_path/../Frameworks";
				PRODUCT_NAME = "$(TARGET_NAME)";
			};
			name = Debug;
		};
		9AB7237419FD71080053F2B2 /* Release */ = {
			isa = XCBuildConfiguration;
			buildSettings = {
				ASSETCATALOG_COMPILER_APPICON_NAME = AppIcon;
				COMBINE_HIDPI_IMAGES = YES;
				INFOPLIST_FILE = Mixtapes/Info.plist;
				LD_RUNPATH_SEARCH_PATHS = "$(inherited) @executable_path/../Frameworks";
				PRODUCT_NAME = "$(TARGET_NAME)";
			};
			name = Release;
		};
		9AB7237619FD71080053F2B2 /* Debug */ = {
			isa = XCBuildConfiguration;
			buildSettings = {
				BUNDLE_LOADER = "$(TEST_HOST)";
				COMBINE_HIDPI_IMAGES = YES;
				FRAMEWORK_SEARCH_PATHS = (
					"$(DEVELOPER_FRAMEWORKS_DIR)",
					"$(inherited)",
				);
				GCC_PREPROCESSOR_DEFINITIONS = (
					"DEBUG=1",
					"$(inherited)",
				);
				INFOPLIST_FILE = MixtapesTests/Info.plist;
				LD_RUNPATH_SEARCH_PATHS = "$(inherited) @executable_path/../Frameworks @loader_path/../Frameworks";
				PRODUCT_NAME = "$(TARGET_NAME)";
				TEST_HOST = "$(BUILT_PRODUCTS_DIR)/Mixtapes.app/Contents/MacOS/Mixtapes";
			};
			name = Debug;
		};
		9AB7237719FD71080053F2B2 /* Release */ = {
			isa = XCBuildConfiguration;
			buildSettings = {
				BUNDLE_LOADER = "$(TEST_HOST)";
				COMBINE_HIDPI_IMAGES = YES;
				FRAMEWORK_SEARCH_PATHS = (
					"$(DEVELOPER_FRAMEWORKS_DIR)",
					"$(inherited)",
				);
				INFOPLIST_FILE = MixtapesTests/Info.plist;
				LD_RUNPATH_SEARCH_PATHS = "$(inherited) @executable_path/../Frameworks @loader_path/../Frameworks";
				PRODUCT_NAME = "$(TARGET_NAME)";
				TEST_HOST = "$(BUILT_PRODUCTS_DIR)/Mixtapes.app/Contents/MacOS/Mixtapes";
			};
			name = Release;
		};
/* End XCBuildConfiguration section */

/* Begin XCConfigurationList section */
		9AB7235319FD71070053F2B2 /* Build configuration list for PBXProject "Mixtapes" */ = {
			isa = XCConfigurationList;
			buildConfigurations = (
				9AB7237019FD71080053F2B2 /* Debug */,
				9AB7237119FD71080053F2B2 /* Release */,
			);
			defaultConfigurationIsVisible = 0;
			defaultConfigurationName = Release;
		};
		9AB7237219FD71080053F2B2 /* Build configuration list for PBXNativeTarget "Mixtapes" */ = {
			isa = XCConfigurationList;
			buildConfigurations = (
				9AB7237319FD71080053F2B2 /* Debug */,
				9AB7237419FD71080053F2B2 /* Release */,
			);
			defaultConfigurationIsVisible = 0;
		};
		9AB7237519FD71080053F2B2 /* Build configuration list for PBXNativeTarget "MixtapesTests" */ = {
			isa = XCConfigurationList;
			buildConfigurations = (
				9AB7237619FD71080053F2B2 /* Debug */,
				9AB7237719FD71080053F2B2 /* Release */,
			);
			defaultConfigurationIsVisible = 0;
		};
/* End XCConfigurationList section */
	};
	rootObject = 9AB7235019FD71070053F2B2 /* Project object */;
}
